github.com/brenoandrade/modulo v1.0.0 h1:iKGGeNPnRgBoAYBYCqqR5YqBX8/jsCgzU0re0AkQy1A=
github.com/brenoandrade/modulo v1.0.0/go.mod h1:GJlWorr1BBcgtO2A7N1dyvhF4ky7VVso81t+zv9hUWA=
github.com/brenoandrade/modulo/v2 v2.0.0 h1:SpPV3oHTW5cbMP1tVhAhtGW1VxGgzTRataSiusI5tkk=
github.com/brenoandrade/modulo/v2 v2.0.0/go.mod h1:7KL2pkC6EH8xhTTxUaFKnrsIuTt+d2mB3kd6VZVZiLE=
